
Microsoft Visual Studio Solution File, Format Version 12.00
# Visual Studio 15
VisualStudioVersion = 15.0.26124.0
MinimumVisualStudioVersion = 15.0.26124.0
Project("{F2A71F9B-5D33-465A-A702-920D77279786}") = "App", "src\IsItKrampus.NET.DataSet.Client\src\App.fsproj", "{F87A5F73-41AD-4A0D-8F2F-F796A31DAC19}"
EndProject
Project("{F2A71F9B-5D33-465A-A702-920D77279786}") = "IsItKrampus.NET.DataSet.Server", "src\IsItKrampus.NET.DataSet.Server\IsItKrampus.NET.DataSet.Server.fsproj", "{C4E7936F-C450-4F21-954C-4FA314087376}"
EndProject
Project("{F2A71F9B-5D33-465A-A702-920D77279786}") = "IsItKrampus.NET.App.Backend.Tests", "test\IsItKrampus.NET.App.Backend.Tests\IsItKrampus.NET.App.Backend.Tests.fsproj", "{A45FF94D-736C-4096-BADB-8ECD24B39A72}"
EndProject
Project("{F2A71F9B-5D33-465A-A702-920D77279786}") = "IsItKrampus.NET.App.Backend", "src\IsItKrampus.NET.App.Backend\IsItKrampus.NET.App.Backend.fsproj", "{4A0755C3-8AF3-44F1-93B0-DF6155FDF217}"
EndProject
Project("{F2A71F9B-5D33-465A-A702-920D77279786}") = "IsItKrampus.NET.DataSet.Shared", "src\IsItKrampus.NET.DataSet.Shared\IsItKrampus.NET.DataSet.Shared.fsproj", "{2C7B33EF-A80D-45CE-8A9E-161487C2895D}"
EndProject
Global
	GlobalSection(SolutionConfigurationPlatforms) = preSolution
		Debug|Any CPU = Debug|Any CPU
		Debug|x64 = Debug|x64
		Debug|x86 = Debug|x86
		Release|Any CPU = Release|Any CPU
		Release|x64 = Release|x64
		Release|x86 = Release|x86
	EndGlobalSection
	GlobalSection(SolutionProperties) = preSolution
		HideSolutionNode = FALSE
	EndGlobalSection
	GlobalSection(ProjectConfigurationPlatforms) = postSolution
		{F87A5F73-41AD-4A0D-8F2F-F796A31DAC19}.Debug|Any CPU.ActiveCfg = Debug|Any CPU
		{F87A5F73-41AD-4A0D-8F2F-F796A31DAC19}.Debug|Any CPU.Build.0 = Debug|Any CPU
		{F87A5F73-41AD-4A0D-8F2F-F796A31DAC19}.Debug|x64.ActiveCfg = Debug|Any CPU
		{F87A5F73-41AD-4A0D-8F2F-F796A31DAC19}.Debug|x64.Build.0 = Debug|Any CPU
		{F87A5F73-41AD-4A0D-8F2F-F796A31DAC19}.Debug|x86.ActiveCfg = Debug|Any CPU
		{F87A5F73-41AD-4A0D-8F2F-F796A31DAC19}.Debug|x86.Build.0 = Debug|Any CPU
		{F87A5F73-41AD-4A0D-8F2F-F796A31DAC19}.Release|Any CPU.ActiveCfg = Release|Any CPU
		{F87A5F73-41AD-4A0D-8F2F-F796A31DAC19}.Release|Any CPU.Build.0 = Release|Any CPU
		{F87A5F73-41AD-4A0D-8F2F-F796A31DAC19}.Release|x64.ActiveCfg = Release|Any CPU
		{F87A5F73-41AD-4A0D-8F2F-F796A31DAC19}.Release|x64.Build.0 = Release|Any CPU
		{F87A5F73-41AD-4A0D-8F2F-F796A31DAC19}.Release|x86.ActiveCfg = Release|Any CPU
		{F87A5F73-41AD-4A0D-8F2F-F796A31DAC19}.Release|x86.Build.0 = Release|Any CPU
		{C4E7936F-C450-4F21-954C-4FA314087376}.Debug|Any CPU.ActiveCfg = Debug|Any CPU
		{C4E7936F-C450-4F21-954C-4FA314087376}.Debug|Any CPU.Build.0 = Debug|Any CPU
		{C4E7936F-C450-4F21-954C-4FA314087376}.Debug|x64.ActiveCfg = Debug|Any CPU
		{C4E7936F-C450-4F21-954C-4FA314087376}.Debug|x64.Build.0 = Debug|Any CPU
		{C4E7936F-C450-4F21-954C-4FA314087376}.Debug|x86.ActiveCfg = Debug|Any CPU
		{C4E7936F-C450-4F21-954C-4FA314087376}.Debug|x86.Build.0 = Debug|Any CPU
		{C4E7936F-C450-4F21-954C-4FA314087376}.Release|Any CPU.ActiveCfg = Release|Any CPU
		{C4E7936F-C450-4F21-954C-4FA314087376}.Release|Any CPU.Build.0 = Release|Any CPU
		{C4E7936F-C450-4F21-954C-4FA314087376}.Release|x64.ActiveCfg = Release|Any CPU
		{C4E7936F-C450-4F21-954C-4FA314087376}.Release|x64.Build.0 = Release|Any CPU
		{C4E7936F-C450-4F21-954C-4FA314087376}.Release|x86.ActiveCfg = Release|Any CPU
		{C4E7936F-C450-4F21-954C-4FA314087376}.Release|x86.Build.0 = Release|Any CPU
		{A45FF94D-736C-4096-BADB-8ECD24B39A72}.Debug|Any CPU.ActiveCfg = Debug|Any CPU
		{A45FF94D-736C-4096-BADB-8ECD24B39A72}.Debug|Any CPU.Build.0 = Debug|Any CPU
		{A45FF94D-736C-4096-BADB-8ECD24B39A72}.Debug|x64.ActiveCfg = Debug|Any CPU
		{A45FF94D-736C-4096-BADB-8ECD24B39A72}.Debug|x64.Build.0 = Debug|Any CPU
		{A45FF94D-736C-4096-BADB-8ECD24B39A72}.Debug|x86.ActiveCfg = Debug|Any CPU
		{A45FF94D-736C-4096-BADB-8ECD24B39A72}.Debug|x86.Build.0 = Debug|Any CPU
		{A45FF94D-736C-4096-BADB-8ECD24B39A72}.Release|Any CPU.ActiveCfg = Release|Any CPU
		{A45FF94D-736C-4096-BADB-8ECD24B39A72}.Release|Any CPU.Build.0 = Release|Any CPU
		{A45FF94D-736C-4096-BADB-8ECD24B39A72}.Release|x64.ActiveCfg = Release|Any CPU
		{A45FF94D-736C-4096-BADB-8ECD24B39A72}.Release|x64.Build.0 = Release|Any CPU
		{A45FF94D-736C-4096-BADB-8ECD24B39A72}.Release|x86.ActiveCfg = Release|Any CPU
		{A45FF94D-736C-4096-BADB-8ECD24B39A72}.Release|x86.Build.0 = Release|Any CPU
		{4A0755C3-8AF3-44F1-93B0-DF6155FDF217}.Debug|Any CPU.ActiveCfg = Debug|Any CPU
		{4A0755C3-8AF3-44F1-93B0-DF6155FDF217}.Debug|Any CPU.Build.0 = Debug|Any CPU
		{4A0755C3-8AF3-44F1-93B0-DF6155FDF217}.Debug|x64.ActiveCfg = Debug|Any CPU
		{4A0755C3-8AF3-44F1-93B0-DF6155FDF217}.Debug|x64.Build.0 = Debug|Any CPU
		{4A0755C3-8AF3-44F1-93B0-DF6155FDF217}.Debug|x86.ActiveCfg = Debug|Any CPU
		{4A0755C3-8AF3-44F1-93B0-DF6155FDF217}.Debug|x86.Build.0 = Debug|Any CPU
		{4A0755C3-8AF3-44F1-93B0-DF6155FDF217}.Release|Any CPU.ActiveCfg = Release|Any CPU
		{4A0755C3-8AF3-44F1-93B0-DF6155FDF217}.Release|Any CPU.Build.0 = Release|Any CPU
		{4A0755C3-8AF3-44F1-93B0-DF6155FDF217}.Release|x64.ActiveCfg = Release|Any CPU
		{4A0755C3-8AF3-44F1-93B0-DF6155FDF217}.Release|x64.Build.0 = Release|Any CPU
		{4A0755C3-8AF3-44F1-93B0-DF6155FDF217}.Release|x86.ActiveCfg = Release|Any CPU
		{4A0755C3-8AF3-44F1-93B0-DF6155FDF217}.Release|x86.Build.0 = Release|Any CPU
		{2C7B33EF-A80D-45CE-8A9E-161487C2895D}.Debug|Any CPU.ActiveCfg = Debug|Any CPU
		{2C7B33EF-A80D-45CE-8A9E-161487C2895D}.Debug|Any CPU.Build.0 = Debug|Any CPU
		{2C7B33EF-A80D-45CE-8A9E-161487C2895D}.Debug|x64.ActiveCfg = Debug|Any CPU
		{2C7B33EF-A80D-45CE-8A9E-161487C2895D}.Debug|x64.Build.0 = Debug|Any CPU
		{2C7B33EF-A80D-45CE-8A9E-161487C2895D}.Debug|x86.ActiveCfg = Debug|Any CPU
		{2C7B33EF-A80D-45CE-8A9E-161487C2895D}.Debug|x86.Build.0 = Debug|Any CPU
		{2C7B33EF-A80D-45CE-8A9E-161487C2895D}.Release|Any CPU.ActiveCfg = Release|Any CPU
		{2C7B33EF-A80D-45CE-8A9E-161487C2895D}.Release|Any CPU.Build.0 = Release|Any CPU
		{2C7B33EF-A80D-45CE-8A9E-161487C2895D}.Release|x64.ActiveCfg = Release|Any CPU
		{2C7B33EF-A80D-45CE-8A9E-161487C2895D}.Release|x64.Build.0 = Release|Any CPU
		{2C7B33EF-A80D-45CE-8A9E-161487C2895D}.Release|x86.ActiveCfg = Release|Any CPU
		{2C7B33EF-A80D-45CE-8A9E-161487C2895D}.Release|x86.Build.0 = Release|Any CPU
	EndGlobalSection
EndGlobal
